// !$*UTF8*$!
{
	archiveVersion = 1;
	classes = {
	};
	objectVersion = 50;
	objects = {

/* Begin PBXBuildFile section */
		09E7C884233FB380004B9CCD /* AppDelegate.swift in Sources */ = {isa = PBXBuildFile; fileRef = 09E7C883233FB380004B9CCD /* AppDelegate.swift */; };
		09E7C886233FB380004B9CCD /* ViewController.swift in Sources */ = {isa = PBXBuildFile; fileRef = 09E7C885233FB380004B9CCD /* ViewController.swift */; };
		09E7C88C233FB380004B9CCD /* SwiftNews.xcdatamodeld in Sources */ = {isa = PBXBuildFile; fileRef = 09E7C88A233FB380004B9CCD /* SwiftNews.xcdatamodeld */; };
		09E7C88E233FB381004B9CCD /* Assets.xcassets in Resources */ = {isa = PBXBuildFile; fileRef = 09E7C88D233FB381004B9CCD /* Assets.xcassets */; };
		09E7C891233FB381004B9CCD /* LaunchScreen.storyboard in Resources */ = {isa = PBXBuildFile; fileRef = 09E7C88F233FB381004B9CCD /* LaunchScreen.storyboard */; };
/* End PBXBuildFile section */

/* Begin PBXFileReference section */
		09E7C880233FB380004B9CCD /* SwiftNews.app */ = {isa = PBXFileReference; explicitFileType = wrapper.application; includeInIndex = 0; path = SwiftNews.app; sourceTree = BUILT_PRODUCTS_DIR; };
		09E7C883233FB380004B9CCD /* AppDelegate.swift */ = {isa = PBXFileReference; lastKnownFileType = sourcecode.swift; path = AppDelegate.swift; sourceTree = "<group>"; };
		09E7C885233FB380004B9CCD /* ViewController.swift */ = {isa = PBXFileReference; lastKnownFileType = sourcecode.swift; path = ViewController.swift; sourceTree = "<group>"; };
		09E7C88B233FB380004B9CCD /* SwiftNews.xcdatamodel */ = {isa = PBXFileReference; lastKnownFileType = wrapper.xcdatamodel; path = SwiftNews.xcdatamodel; sourceTree = "<group>"; };
		09E7C88D233FB381004B9CCD /* Assets.xcassets */ = {isa = PBXFileReference; lastKnownFileType = folder.assetcatalog; path = Assets.xcassets; sourceTree = "<group>"; };
		09E7C890233FB381004B9CCD /* Base */ = {isa = PBXFileReference; lastKnownFileType = file.storyboard; name = Base; path = Base.lproj/LaunchScreen.storyboard; sourceTree = "<group>"; };
		09E7C892233FB381004B9CCD /* Info.plist */ = {isa = PBXFileReference; lastKnownFileType = text.plist.xml; path = Info.plist; sourceTree = "<group>"; };
/* End PBXFileReference section */

/* Begin PBXFrameworksBuildPhase section */
		09E7C87D233FB380004B9CCD /* Frameworks */ = {
			isa = PBXFrameworksBuildPhase;
			buildActionMask = 2147483647;
			files = (
			);
			runOnlyForDeploymentPostprocessing = 0;
		};
/* End PBXFrameworksBuildPhase section */

/* Begin PBXGroup section */
		09B49D00233FB762008DA551 /* UI */ = {
			isa = PBXGroup;
			children = (
				09E7C88F233FB381004B9CCD /* LaunchScreen.storyboard */,
			);
			path = UI;
			sourceTree = "<group>";
		};
		09B49D01233FB768008DA551 /* Controllers */ = {
			isa = PBXGroup;
			children = (
				09E7C885233FB380004B9CCD /* ViewController.swift */,
			);
			path = Controllers;
			sourceTree = "<group>";
		};
		09B49D02233FB771008DA551 /* Data */ = {
			isa = PBXGroup;
			children = (
				09E7C88A233FB380004B9CCD /* SwiftNews.xcdatamodeld */,
			);
			path = Data;
			sourceTree = "<group>";
		};
		09B49D03233FB792008DA551 /* Resources */ = {
			isa = PBXGroup;
			children = (
				09E7C88D233FB381004B9CCD /* Assets.xcassets */,
				09E7C892233FB381004B9CCD /* Info.plist */,
			);
			path = Resources;
			sourceTree = "<group>";
		};
		09E7C877233FB380004B9CCD = {
			isa = PBXGroup;
			children = (
				09E7C882233FB380004B9CCD /* SwiftNews */,
				09E7C881233FB380004B9CCD /* Products */,
			);
			sourceTree = "<group>";
		};
		09E7C881233FB380004B9CCD /* Products */ = {
			isa = PBXGroup;
			children = (
				09E7C880233FB380004B9CCD /* SwiftNews.app */,
			);
			name = Products;
			sourceTree = "<group>";
		};
		09E7C882233FB380004B9CCD /* SwiftNews */ = {
			isa = PBXGroup;
			children = (
				09B49D03233FB792008DA551 /* Resources */,
				09B49D02233FB771008DA551 /* Data */,
				09B49D01233FB768008DA551 /* Controllers */,
				09B49D00233FB762008DA551 /* UI */,
				09E7C883233FB380004B9CCD /* AppDelegate.swift */,
			);
			path = SwiftNews;
			sourceTree = "<group>";
		};
/* End PBXGroup section */

/* Begin PBXNativeTarget section */
		09E7C87F233FB380004B9CCD /* SwiftNews */ = {
			isa = PBXNativeTarget;
			buildConfigurationList = 09E7C895233FB381004B9CCD /* Build configuration list for PBXNativeTarget "SwiftNews" */;
			buildPhases = (
				09E7C87C233FB380004B9CCD /* Sources */,
				09E7C87D233FB380004B9CCD /* Frameworks */,
				09E7C87E233FB380004B9CCD /* Resources */,
			);
			buildRules = (
			);
			dependencies = (
			);
			name = SwiftNews;
			productName = SwiftNews;
			productReference = 09E7C880233FB380004B9CCD /* SwiftNews.app */;
			productType = "com.apple.product-type.application";
		};
/* End PBXNativeTarget section */

/* Begin PBXProject section */
		09E7C878233FB380004B9CCD /* Project object */ = {
			isa = PBXProject;
			attributes = {
				LastSwiftUpdateCheck = 1030;
				LastUpgradeCheck = 1030;
				ORGANIZATIONNAME = SwiftNews;
				TargetAttributes = {
					09E7C87F233FB380004B9CCD = {
						CreatedOnToolsVersion = 10.3;
					};
				};
			};
			buildConfigurationList = 09E7C87B233FB380004B9CCD /* Build configuration list for PBXProject "SwiftNews" */;
			compatibilityVersion = "Xcode 9.3";
			developmentRegion = en;
			hasScannedForEncodings = 0;
			knownRegions = (
				en,
				Base,
			);
			mainGroup = 09E7C877233FB380004B9CCD;
			productRefGroup = 09E7C881233FB380004B9CCD /* Products */;
			projectDirPath = "";
			projectRoot = "";
			targets = (
				09E7C87F233FB380004B9CCD /* SwiftNews */,
			);
		};
/* End PBXProject section */

/* Begin PBXResourcesBuildPhase section */
		09E7C87E233FB380004B9CCD /* Resources */ = {
			isa = PBXResourcesBuildPhase;
			buildActionMask = 2147483647;
			files = (
				09E7C891233FB381004B9CCD /* LaunchScreen.storyboard in Resources */,
				09E7C88E233FB381004B9CCD /* Assets.xcassets in Resources */,
			);
			runOnlyForDeploymentPostprocessing = 0;
		};
/* End PBXResourcesBuildPhase section */

/* Begin PBXSourcesBuildPhase section */
		09E7C87C233FB380004B9CCD /* Sources */ = {
			isa = PBXSourcesBuildPhase;
			buildActionMask = 2147483647;
			files = (
				09E7C886233FB380004B9CCD /* ViewController.swift in Sources */,
				09E7C88C233FB380004B9CCD /* SwiftNews.xcdatamodeld in Sources */,
				09E7C884233FB380004B9CCD /* AppDelegate.swift in Sources */,
			);
			runOnlyForDeploymentPostprocessing = 0;
		};
/* End PBXSourcesBuildPhase section */

/* Begin PBXVariantGroup section */
		09E7C88F233FB381004B9CCD /* LaunchScreen.storyboard */ = {
			isa = PBXVariantGroup;
			children = (
				09E7C890233FB381004B9CCD /* Base */,
			);
			name = LaunchScreen.storyboard;
			sourceTree = "<group>";
		};
/* End PBXVariantGroup section */

/* Begin XCBuildConfiguration section */
		09E7C893233FB381004B9CCD /* Debug */ = {
			isa = XCBuildConfiguration;
			buildSettings = {
				ALWAYS_SEARCH_USER_PATHS = NO;
				CLANG_ANALYZER_NONNULL = YES;
				CLANG_ANALYZER_NUMBER_OBJECT_CONVERSION = YES_AGGRESSIVE;
				CLANG_CXX_LANGUAGE_STANDARD = "gnu++14";
				CLANG_CXX_LIBRARY = "libc++";
				CLANG_ENABLE_MODULES = YES;
				CLANG_ENABLE_OBJC_ARC = YES;
				CLANG_ENABLE_OBJC_WEAK = YES;
				CLANG_WARN_BLOCK_CAPTURE_AUTORELEASING = YES;
				CLANG_WARN_BOOL_CONVERSION = YES;
				CLANG_WARN_COMMA = YES;
				CLANG_WARN_CONSTANT_CONVERSION = YES;
				CLANG_WARN_DEPRECATED_OBJC_IMPLEMENTATIONS = YES;
				CLANG_WARN_DIRECT_OBJC_ISA_USAGE = YES_ERROR;
				CLANG_WARN_DOCUMENTATION_COMMENTS = YES;
				CLANG_WARN_EMPTY_BODY = YES;
				CLANG_WARN_ENUM_CONVERSION = YES;
				CLANG_WARN_INFINITE_RECURSION = YES;
				CLANG_WARN_INT_CONVERSION = YES;
				CLANG_WARN_NON_LITERAL_NULL_CONVERSION = YES;
				CLANG_WARN_OBJC_IMPLICIT_RETAIN_SELF = YES;
				CLANG_WARN_OBJC_LITERAL_CONVERSION = YES;
				CLANG_WARN_OBJC_ROOT_CLASS = YES_ERROR;
				CLANG_WARN_RANGE_LOOP_ANALYSIS = YES;
				CLANG_WARN_STRICT_PROTOTYPES = YES;
				CLANG_WARN_SUSPICIOUS_MOVE = YES;
				CLANG_WARN_UNGUARDED_AVAILABILITY = YES_AGGRESSIVE;
				CLANG_WARN_UNREACHABLE_CODE = YES;
				CLANG_WARN__DUPLICATE_METHOD_MATCH = YES;
				CODE_SIGN_IDENTITY = "iPhone Developer";
				COPY_PHASE_STRIP = NO;
				DEBUG_INFORMATION_FORMAT = dwarf;
				ENABLE_STRICT_OBJC_MSGSEND = YES;
				ENABLE_TESTABILITY = YES;
				GCC_C_LANGUAGE_STANDARD = gnu11;
				GCC_DYNAMIC_NO_PIC = NO;
				GCC_NO_COMMON_BLOCKS = YES;
				GCC_OPTIMIZATION_LEVEL = 0;
				GCC_PREPROCESSOR_DEFINITIONS = (
					"DEBUG=1",
					"$(inherited)",
				);
				GCC_WARN_64_TO_32_BIT_CONVERSION = YES;
				GCC_WARN_ABOUT_RETURN_TYPE = YES_ERROR;
				GCC_WARN_UNDECLARED_SELECTOR = YES;
				GCC_WARN_UNINITIALIZED_AUTOS = YES_AGGRESSIVE;
				GCC_WARN_UNUSED_FUNCTION = YES;
				GCC_WARN_UNUSED_VARIABLE = YES;
				IPHONEOS_DEPLOYMENT_TARGET = 12.4;
				MTL_ENABLE_DEBUG_INFO = INCLUDE_SOURCE;
				MTL_FAST_MATH = YES;
				ONLY_ACTIVE_ARCH = YES;
				SDKROOT = iphoneos;
				SWIFT_ACTIVE_COMPILATION_CONDITIONS = DEBUG;
				SWIFT_OPTIMIZATION_LEVEL = "-Onone";
			};
			name = Debug;
		};
		09E7C894233FB381004B9CCD /* Release */ = {
			isa = XCBuildConfiguration;
			buildSettings = {
				ALWAYS_SEARCH_USER_PATHS = NO;
				CLANG_ANALYZER_NONNULL = YES;
				CLANG_ANALYZER_NUMBER_OBJECT_CONVERSION = YES_AGGRESSIVE;
				CLANG_CXX_LANGUAGE_STANDARD = "gnu++14";
				CLANG_CXX_LIBRARY = "libc++";
				CLANG_ENABLE_MODULES = YES;
				CLANG_ENABLE_OBJC_ARC = YES;
				CLANG_ENABLE_OBJC_WEAK = YES;
				CLANG_WARN_BLOCK_CAPTURE_AUTORELEASING = YES;
				CLANG_WARN_BOOL_CONVERSION = YES;
				CLANG_WARN_COMMA = YES;
				CLANG_WARN_CONSTANT_CONVERSION = YES;
				CLANG_WARN_DEPRECATED_OBJC_IMPLEMENTATIONS = YES;
				CLANG_WARN_DIRECT_OBJC_ISA_USAGE = YES_ERROR;
				CLANG_WARN_DOCUMENTATION_COMMENTS = YES;
				CLANG_WARN_EMPTY_BODY = YES;
				CLANG_WARN_ENUM_CONVERSION = YES;
				CLANG_WARN_INFINITE_RECURSION = YES;
				CLANG_WARN_INT_CONVERSION = YES;
				CLANG_WARN_NON_LITERAL_NULL_CONVERSION = YES;
				CLANG_WARN_OBJC_IMPLICIT_RETAIN_SELF = YES;
				CLANG_WARN_OBJC_LITERAL_CONVERSION = YES;
				CLANG_WARN_OBJC_ROOT_CLASS = YES_ERROR;
				CLANG_WARN_RANGE_LOOP_ANALYSIS = YES;
				CLANG_WARN_STRICT_PROTOTYPES = YES;
				CLANG_WARN_SUSPICIOUS_MOVE = YES;
				CLANG_WARN_UNGUARDED_AVAILABILITY = YES_AGGRESSIVE;
				CLANG_WARN_UNREACHABLE_CODE = YES;
				CLANG_WARN__DUPLICATE_METHOD_MATCH = YES;
				CODE_SIGN_IDENTITY = "iPhone Developer";
				COPY_PHASE_STRIP = NO;
				DEBUG_INFORMATION_FORMAT = "dwarf-with-dsym";
				ENABLE_NS_ASSERTIONS = NO;
				ENABLE_STRICT_OBJC_MSGSEND = YES;
				GCC_C_LANGUAGE_STANDARD = gnu11;
				GCC_NO_COMMON_BLOCKS = YES;
				GCC_WARN_64_TO_32_BIT_CONVERSION = YES;
				GCC_WARN_ABOUT_RETURN_TYPE = YES_ERROR;
				GCC_WARN_UNDECLARED_SELECTOR = YES;
				GCC_WARN_UNINITIALIZED_AUTOS = YES_AGGRESSIVE;
				GCC_WARN_UNUSED_FUNCTION = YES;
				GCC_WARN_UNUSED_VARIABLE = YES;
				IPHONEOS_DEPLOYMENT_TARGET = 12.4;
				MTL_ENABLE_DEBUG_INFO = NO;
				MTL_FAST_MATH = YES;
				SDKROOT = iphoneos;
				SWIFT_COMPILATION_MODE = wholemodule;
				SWIFT_OPTIMIZATION_LEVEL = "-O";
				VALIDATE_PRODUCT = YES;
			};
			name = Release;
		};
		09E7C896233FB381004B9CCD /* Debug */ = {
			isa = XCBuildConfiguration;
			buildSettings = {
				ASSETCATALOG_COMPILER_APPICON_NAME = AppIcon;
				CODE_SIGN_STYLE = Automatic;
				INFOPLIST_FILE = SwiftNews/Resources/Info.plist;
				LD_RUNPATH_SEARCH_PATHS = (
					"$(inherited)",
					"@executable_path/Frameworks",
				);
				PRODUCT_BUNDLE_IDENTIFIER = SN.SwiftNews;
				PRODUCT_NAME = "$(TARGET_NAME)";
				SWIFT_VERSION = 5.0;
				TARGETED_DEVICE_FAMILY = "1,2";
			};
			name = Debug;
		};
		09E7C897233FB381004B9CCD /* Release */ = {
			isa = XCBuildConfiguration;
			buildSettings = {
				ASSETCATALOG_COMPILER_APPICON_NAME = AppIcon;
				CODE_SIGN_STYLE = Automatic;
				INFOPLIST_FILE = SwiftNews/Resources/Info.plist;
				LD_RUNPATH_SEARCH_PATHS = (
					"$(inherited)",
					"@executable_path/Frameworks",
				);
				PRODUCT_BUNDLE_IDENTIFIER = SN.SwiftNews;
				PRODUCT_NAME = "$(TARGET_NAME)";
				SWIFT_VERSION = 5.0;
				TARGETED_DEVICE_FAMILY = "1,2";
			};
			name = Release;
		};
/* End XCBuildConfiguration section */

/* Begin XCConfigurationList section */
		09E7C87B233FB380004B9CCD /* Build configuration list for PBXProject "SwiftNews" */ = {
			isa = XCConfigurationList;
			buildConfigurations = (
				09E7C893233FB381004B9CCD /* Debug */,
				09E7C894233FB381004B9CCD /* Release */,
			);
			defaultConfigurationIsVisible = 0;
			defaultConfigurationName = Release;
		};
		09E7C895233FB381004B9CCD /* Build configuration list for PBXNativeTarget "SwiftNews" */ = {
			isa = XCConfigurationList;
			buildConfigurations = (
				09E7C896233FB381004B9CCD /* Debug */,
				09E7C897233FB381004B9CCD /* Release */,
			);
			defaultConfigurationIsVisible = 0;
			defaultConfigurationName = Release;
		};
/* End XCConfigurationList section */

/* Begin XCVersionGroup section */
		09E7C88A233FB380004B9CCD /* SwiftNews.xcdatamodeld */ = {
			isa = XCVersionGroup;
			children = (
				09E7C88B233FB380004B9CCD /* SwiftNews.xcdatamodel */,
			);
			currentVersion = 09E7C88B233FB380004B9CCD /* SwiftNews.xcdatamodel */;
			path = SwiftNews.xcdatamodeld;
			sourceTree = "<group>";
			versionGroupType = wrapper.xcdatamodel;
		};
/* End XCVersionGroup section */
	};
	rootObject = 09E7C878233FB380004B9CCD /* Project object */;
}
