// !$*UTF8*$!
{
	archiveVersion = 1;
	classes = {
	};
	objectVersion = 51;
	objects = {

/* Begin PBXBuildFile section */
		0995B896234115C100B51693 /* BaseEntity.swift in Sources */ = {isa = PBXBuildFile; fileRef = 0995B895234115C100B51693 /* BaseEntity.swift */; };
		0995B898234115EA00B51693 /* ArticleEntity.swift in Sources */ = {isa = PBXBuildFile; fileRef = 0995B897234115EA00B51693 /* ArticleEntity.swift */; };
		0995B89A23411AE500B51693 /* NewsEntity.swift in Sources */ = {isa = PBXBuildFile; fileRef = 0995B89923411AE500B51693 /* NewsEntity.swift */; };
		0995B89C234134A300B51693 /* ArticleNavController.swift in Sources */ = {isa = PBXBuildFile; fileRef = 0995B89B234134A300B51693 /* ArticleNavController.swift */; };
		0995B89E234134BD00B51693 /* ArticleViewController.swift in Sources */ = {isa = PBXBuildFile; fileRef = 0995B89D234134BD00B51693 /* ArticleViewController.swift */; };
		09B49D05233FB8C7008DA551 /* BaseNavController.swift in Sources */ = {isa = PBXBuildFile; fileRef = 09B49D04233FB8C7008DA551 /* BaseNavController.swift */; };
		09B49D08233FB9D8008DA551 /* MainNavController.swift in Sources */ = {isa = PBXBuildFile; fileRef = 09B49D07233FB9D8008DA551 /* MainNavController.swift */; };
		09B49D0A233FBEA4008DA551 /* MainViewController.swift in Sources */ = {isa = PBXBuildFile; fileRef = 09B49D09233FBEA4008DA551 /* MainViewController.swift */; };
		09B49D0C233FD305008DA551 /* ArticleTableViewCell.swift in Sources */ = {isa = PBXBuildFile; fileRef = 09B49D0B233FD305008DA551 /* ArticleTableViewCell.swift */; };
		09B49D0E233FD339008DA551 /* ArticleTableView.swift in Sources */ = {isa = PBXBuildFile; fileRef = 09B49D0D233FD339008DA551 /* ArticleTableView.swift */; };
		09B49D13234067E5008DA551 /* Extensions.swift in Sources */ = {isa = PBXBuildFile; fileRef = 09B49D12234067E5008DA551 /* Extensions.swift */; };
		09CE96C42340FA02003904D1 /* BaseService.swift in Sources */ = {isa = PBXBuildFile; fileRef = 09CE96C32340FA02003904D1 /* BaseService.swift */; };
		09CE96C62340FA14003904D1 /* ArticleService.swift in Sources */ = {isa = PBXBuildFile; fileRef = 09CE96C52340FA14003904D1 /* ArticleService.swift */; };
		09E7C884233FB380004B9CCD /* AppDelegate.swift in Sources */ = {isa = PBXBuildFile; fileRef = 09E7C883233FB380004B9CCD /* AppDelegate.swift */; };
		09E7C886233FB380004B9CCD /* BaseViewController.swift in Sources */ = {isa = PBXBuildFile; fileRef = 09E7C885233FB380004B9CCD /* BaseViewController.swift */; };
		09E7C88E233FB381004B9CCD /* Assets.xcassets in Resources */ = {isa = PBXBuildFile; fileRef = 09E7C88D233FB381004B9CCD /* Assets.xcassets */; };
		09E7C891233FB381004B9CCD /* LaunchScreen.storyboard in Resources */ = {isa = PBXBuildFile; fileRef = 09E7C88F233FB381004B9CCD /* LaunchScreen.storyboard */; };
		D6B284713687B45E9DA2AB90 /* Pods_SwiftNews.framework in Frameworks */ = {isa = PBXBuildFile; fileRef = C28C7A6BA18309ABF89166B9 /* Pods_SwiftNews.framework */; };
/* End PBXBuildFile section */

/* Begin PBXFileReference section */
		0995B895234115C100B51693 /* BaseEntity.swift */ = {isa = PBXFileReference; lastKnownFileType = sourcecode.swift; path = BaseEntity.swift; sourceTree = "<group>"; };
		0995B897234115EA00B51693 /* ArticleEntity.swift */ = {isa = PBXFileReference; lastKnownFileType = sourcecode.swift; path = ArticleEntity.swift; sourceTree = "<group>"; };
		0995B89923411AE500B51693 /* NewsEntity.swift */ = {isa = PBXFileReference; lastKnownFileType = sourcecode.swift; path = NewsEntity.swift; sourceTree = "<group>"; };
		0995B89B234134A300B51693 /* ArticleNavController.swift */ = {isa = PBXFileReference; lastKnownFileType = sourcecode.swift; path = ArticleNavController.swift; sourceTree = "<group>"; };
		0995B89D234134BD00B51693 /* ArticleViewController.swift */ = {isa = PBXFileReference; lastKnownFileType = sourcecode.swift; path = ArticleViewController.swift; sourceTree = "<group>"; };
		09B49D04233FB8C7008DA551 /* BaseNavController.swift */ = {isa = PBXFileReference; lastKnownFileType = sourcecode.swift; path = BaseNavController.swift; sourceTree = "<group>"; };
		09B49D07233FB9D8008DA551 /* MainNavController.swift */ = {isa = PBXFileReference; lastKnownFileType = sourcecode.swift; path = MainNavController.swift; sourceTree = "<group>"; };
		09B49D09233FBEA4008DA551 /* MainViewController.swift */ = {isa = PBXFileReference; lastKnownFileType = sourcecode.swift; path = MainViewController.swift; sourceTree = "<group>"; };
		09B49D0B233FD305008DA551 /* ArticleTableViewCell.swift */ = {isa = PBXFileReference; lastKnownFileType = sourcecode.swift; path = ArticleTableViewCell.swift; sourceTree = "<group>"; };
		09B49D0D233FD339008DA551 /* ArticleTableView.swift */ = {isa = PBXFileReference; lastKnownFileType = sourcecode.swift; path = ArticleTableView.swift; sourceTree = "<group>"; };
		09B49D12234067E5008DA551 /* Extensions.swift */ = {isa = PBXFileReference; lastKnownFileType = sourcecode.swift; path = Extensions.swift; sourceTree = "<group>"; };
		09CE96C32340FA02003904D1 /* BaseService.swift */ = {isa = PBXFileReference; lastKnownFileType = sourcecode.swift; path = BaseService.swift; sourceTree = "<group>"; };
		09CE96C52340FA14003904D1 /* ArticleService.swift */ = {isa = PBXFileReference; lastKnownFileType = sourcecode.swift; path = ArticleService.swift; sourceTree = "<group>"; };
		09E7C880233FB380004B9CCD /* SwiftNews.app */ = {isa = PBXFileReference; explicitFileType = wrapper.application; includeInIndex = 0; path = SwiftNews.app; sourceTree = BUILT_PRODUCTS_DIR; };
		09E7C883233FB380004B9CCD /* AppDelegate.swift */ = {isa = PBXFileReference; lastKnownFileType = sourcecode.swift; path = AppDelegate.swift; sourceTree = "<group>"; };
		09E7C885233FB380004B9CCD /* BaseViewController.swift */ = {isa = PBXFileReference; lastKnownFileType = sourcecode.swift; path = BaseViewController.swift; sourceTree = "<group>"; };
		09E7C88D233FB381004B9CCD /* Assets.xcassets */ = {isa = PBXFileReference; lastKnownFileType = folder.assetcatalog; path = Assets.xcassets; sourceTree = "<group>"; };
		09E7C890233FB381004B9CCD /* Base */ = {isa = PBXFileReference; lastKnownFileType = file.storyboard; name = Base; path = Base.lproj/LaunchScreen.storyboard; sourceTree = "<group>"; };
		09E7C892233FB381004B9CCD /* Info.plist */ = {isa = PBXFileReference; lastKnownFileType = text.plist.xml; path = Info.plist; sourceTree = "<group>"; };
		25CE1DD1B2B04BEA91917A4B /* Pods-SwiftNews.release.xcconfig */ = {isa = PBXFileReference; includeInIndex = 1; lastKnownFileType = text.xcconfig; name = "Pods-SwiftNews.release.xcconfig"; path = "Target Support Files/Pods-SwiftNews/Pods-SwiftNews.release.xcconfig"; sourceTree = "<group>"; };
		BA34F2FE13B0E07759B1AB73 /* Pods-SwiftNews.debug.xcconfig */ = {isa = PBXFileReference; includeInIndex = 1; lastKnownFileType = text.xcconfig; name = "Pods-SwiftNews.debug.xcconfig"; path = "Target Support Files/Pods-SwiftNews/Pods-SwiftNews.debug.xcconfig"; sourceTree = "<group>"; };
		C28C7A6BA18309ABF89166B9 /* Pods_SwiftNews.framework */ = {isa = PBXFileReference; explicitFileType = wrapper.framework; includeInIndex = 0; path = Pods_SwiftNews.framework; sourceTree = BUILT_PRODUCTS_DIR; };
/* End PBXFileReference section */

/* Begin PBXFrameworksBuildPhase section */
		09E7C87D233FB380004B9CCD /* Frameworks */ = {
			isa = PBXFrameworksBuildPhase;
			buildActionMask = 2147483647;
			files = (
				D6B284713687B45E9DA2AB90 /* Pods_SwiftNews.framework in Frameworks */,
			);
			runOnlyForDeploymentPostprocessing = 0;
		};
/* End PBXFrameworksBuildPhase section */

/* Begin PBXGroup section */
		09B49D00233FB762008DA551 /* UI */ = {
			isa = PBXGroup;
			children = (
				09E7C88F233FB381004B9CCD /* LaunchScreen.storyboard */,
				09B49D0B233FD305008DA551 /* ArticleTableViewCell.swift */,
				09B49D0D233FD339008DA551 /* ArticleTableView.swift */,
			);
			path = UI;
			sourceTree = "<group>";
		};
		09B49D01233FB768008DA551 /* Controllers */ = {
			isa = PBXGroup;
			children = (
				09E7C885233FB380004B9CCD /* BaseViewController.swift */,
				09B49D04233FB8C7008DA551 /* BaseNavController.swift */,
				09B49D07233FB9D8008DA551 /* MainNavController.swift */,
				09B49D09233FBEA4008DA551 /* MainViewController.swift */,
				0995B89B234134A300B51693 /* ArticleNavController.swift */,
				0995B89D234134BD00B51693 /* ArticleViewController.swift */,
			);
			path = Controllers;
			sourceTree = "<group>";
		};
		09B49D02233FB771008DA551 /* Data */ = {
			isa = PBXGroup;
			children = (
				0995B895234115C100B51693 /* BaseEntity.swift */,
				0995B897234115EA00B51693 /* ArticleEntity.swift */,
				0995B89923411AE500B51693 /* NewsEntity.swift */,
			);
			path = Data;
			sourceTree = "<group>";
		};
		09B49D03233FB792008DA551 /* Resources */ = {
			isa = PBXGroup;
			children = (
				09E7C88D233FB381004B9CCD /* Assets.xcassets */,
				09E7C892233FB381004B9CCD /* Info.plist */,
			);
			path = Resources;
			sourceTree = "<group>";
		};
		09B49D11234067CB008DA551 /* Utils */ = {
			isa = PBXGroup;
			children = (
				09B49D12234067E5008DA551 /* Extensions.swift */,
			);
			path = Utils;
			sourceTree = "<group>";
		};
		09CE96C22340F9D1003904D1 /* Services */ = {
			isa = PBXGroup;
			children = (
				09CE96C32340FA02003904D1 /* BaseService.swift */,
				09CE96C52340FA14003904D1 /* ArticleService.swift */,
			);
			path = Services;
			sourceTree = "<group>";
		};
		09E7C877233FB380004B9CCD = {
			isa = PBXGroup;
			children = (
				09E7C882233FB380004B9CCD /* SwiftNews */,
				09E7C881233FB380004B9CCD /* Products */,
				E3C773A5B95C2FF98C7C6DF9 /* Pods */,
				1810809377E4341E2B7D9F42 /* Frameworks */,
			);
			sourceTree = "<group>";
		};
		09E7C881233FB380004B9CCD /* Products */ = {
			isa = PBXGroup;
			children = (
				09E7C880233FB380004B9CCD /* SwiftNews.app */,
			);
			name = Products;
			sourceTree = "<group>";
		};
		09E7C882233FB380004B9CCD /* SwiftNews */ = {
			isa = PBXGroup;
			children = (
				09CE96C22340F9D1003904D1 /* Services */,
				09B49D11234067CB008DA551 /* Utils */,
				09B49D03233FB792008DA551 /* Resources */,
				09B49D02233FB771008DA551 /* Data */,
				09B49D01233FB768008DA551 /* Controllers */,
				09B49D00233FB762008DA551 /* UI */,
				09E7C883233FB380004B9CCD /* AppDelegate.swift */,
			);
			path = SwiftNews;
			sourceTree = "<group>";
		};
		1810809377E4341E2B7D9F42 /* Frameworks */ = {
			isa = PBXGroup;
			children = (
				C28C7A6BA18309ABF89166B9 /* Pods_SwiftNews.framework */,
			);
			name = Frameworks;
			sourceTree = "<group>";
		};
		E3C773A5B95C2FF98C7C6DF9 /* Pods */ = {
			isa = PBXGroup;
			children = (
				BA34F2FE13B0E07759B1AB73 /* Pods-SwiftNews.debug.xcconfig */,
				25CE1DD1B2B04BEA91917A4B /* Pods-SwiftNews.release.xcconfig */,
			);
			path = Pods;
			sourceTree = "<group>";
		};
/* End PBXGroup section */

/* Begin PBXNativeTarget section */
		09E7C87F233FB380004B9CCD /* SwiftNews */ = {
			isa = PBXNativeTarget;
			buildConfigurationList = 09E7C895233FB381004B9CCD /* Build configuration list for PBXNativeTarget "SwiftNews" */;
			buildPhases = (
				97A609BD206F289C06AEEA3F /* [CP] Check Pods Manifest.lock */,
				09E7C87C233FB380004B9CCD /* Sources */,
				09E7C87D233FB380004B9CCD /* Frameworks */,
				09E7C87E233FB380004B9CCD /* Resources */,
				13E27561C38E9FFC8A84E82B /* [CP] Embed Pods Frameworks */,
			);
			buildRules = (
			);
			dependencies = (
			);
			name = SwiftNews;
			productName = SwiftNews;
			productReference = 09E7C880233FB380004B9CCD /* SwiftNews.app */;
			productType = "com.apple.product-type.application";
		};
/* End PBXNativeTarget section */

/* Begin PBXProject section */
		09E7C878233FB380004B9CCD /* Project object */ = {
			isa = PBXProject;
			attributes = {
				LastSwiftUpdateCheck = 1030;
				LastUpgradeCheck = 1030;
				ORGANIZATIONNAME = SwiftNews;
				TargetAttributes = {
					09E7C87F233FB380004B9CCD = {
						CreatedOnToolsVersion = 10.3;
					};
				};
			};
			buildConfigurationList = 09E7C87B233FB380004B9CCD /* Build configuration list for PBXProject "SwiftNews" */;
			compatibilityVersion = "Xcode 9.3";
			developmentRegion = en;
			hasScannedForEncodings = 0;
			knownRegions = (
				en,
				Base,
			);
			mainGroup = 09E7C877233FB380004B9CCD;
			productRefGroup = 09E7C881233FB380004B9CCD /* Products */;
			projectDirPath = "";
			projectRoot = "";
			targets = (
				09E7C87F233FB380004B9CCD /* SwiftNews */,
			);
		};
/* End PBXProject section */

/* Begin PBXResourcesBuildPhase section */
		09E7C87E233FB380004B9CCD /* Resources */ = {
			isa = PBXResourcesBuildPhase;
			buildActionMask = 2147483647;
			files = (
				09E7C891233FB381004B9CCD /* LaunchScreen.storyboard in Resources */,
				09E7C88E233FB381004B9CCD /* Assets.xcassets in Resources */,
			);
			runOnlyForDeploymentPostprocessing = 0;
		};
/* End PBXResourcesBuildPhase section */

/* Begin PBXShellScriptBuildPhase section */
		13E27561C38E9FFC8A84E82B /* [CP] Embed Pods Frameworks */ = {
			isa = PBXShellScriptBuildPhase;
			buildActionMask = 2147483647;
			files = (
			);
			inputFileListPaths = (
				"${PODS_ROOT}/Target Support Files/Pods-SwiftNews/Pods-SwiftNews-frameworks-${CONFIGURATION}-input-files.xcfilelist",
			);
			name = "[CP] Embed Pods Frameworks";
			outputFileListPaths = (
				"${PODS_ROOT}/Target Support Files/Pods-SwiftNews/Pods-SwiftNews-frameworks-${CONFIGURATION}-output-files.xcfilelist",
			);
			runOnlyForDeploymentPostprocessing = 0;
			shellPath = /bin/sh;
			shellScript = "\"${PODS_ROOT}/Target Support Files/Pods-SwiftNews/Pods-SwiftNews-frameworks.sh\"\n";
			showEnvVarsInLog = 0;
		};
		97A609BD206F289C06AEEA3F /* [CP] Check Pods Manifest.lock */ = {
			isa = PBXShellScriptBuildPhase;
			buildActionMask = 2147483647;
			files = (
			);
			inputFileListPaths = (
			);
			inputPaths = (
				"${PODS_PODFILE_DIR_PATH}/Podfile.lock",
				"${PODS_ROOT}/Manifest.lock",
			);
			name = "[CP] Check Pods Manifest.lock";
			outputFileListPaths = (
			);
			outputPaths = (
				"$(DERIVED_FILE_DIR)/Pods-SwiftNews-checkManifestLockResult.txt",
			);
			runOnlyForDeploymentPostprocessing = 0;
			shellPath = /bin/sh;
			shellScript = "diff \"${PODS_PODFILE_DIR_PATH}/Podfile.lock\" \"${PODS_ROOT}/Manifest.lock\" > /dev/null\nif [ $? != 0 ] ; then\n    # print error to STDERR\n    echo \"error: The sandbox is not in sync with the Podfile.lock. Run 'pod install' or update your CocoaPods installation.\" >&2\n    exit 1\nfi\n# This output is used by Xcode 'outputs' to avoid re-running this script phase.\necho \"SUCCESS\" > \"${SCRIPT_OUTPUT_FILE_0}\"\n";
			showEnvVarsInLog = 0;
		};
/* End PBXShellScriptBuildPhase section */

/* Begin PBXSourcesBuildPhase section */
		09E7C87C233FB380004B9CCD /* Sources */ = {
			isa = PBXSourcesBuildPhase;
			buildActionMask = 2147483647;
			files = (
				09B49D0E233FD339008DA551 /* ArticleTableView.swift in Sources */,
				0995B89A23411AE500B51693 /* NewsEntity.swift in Sources */,
				0995B89C234134A300B51693 /* ArticleNavController.swift in Sources */,
				09B49D13234067E5008DA551 /* Extensions.swift in Sources */,
				09B49D08233FB9D8008DA551 /* MainNavController.swift in Sources */,
				09E7C886233FB380004B9CCD /* BaseViewController.swift in Sources */,
				09B49D05233FB8C7008DA551 /* BaseNavController.swift in Sources */,
				0995B89E234134BD00B51693 /* ArticleViewController.swift in Sources */,
				0995B898234115EA00B51693 /* ArticleEntity.swift in Sources */,
				09B49D0A233FBEA4008DA551 /* MainViewController.swift in Sources */,
				09B49D0C233FD305008DA551 /* ArticleTableViewCell.swift in Sources */,
				0995B896234115C100B51693 /* BaseEntity.swift in Sources */,
				09CE96C42340FA02003904D1 /* BaseService.swift in Sources */,
				09CE96C62340FA14003904D1 /* ArticleService.swift in Sources */,
				09E7C884233FB380004B9CCD /* AppDelegate.swift in Sources */,
			);
			runOnlyForDeploymentPostprocessing = 0;
		};
/* End PBXSourcesBuildPhase section */

/* Begin PBXVariantGroup section */
		09E7C88F233FB381004B9CCD /* LaunchScreen.storyboard */ = {
			isa = PBXVariantGroup;
			children = (
				09E7C890233FB381004B9CCD /* Base */,
			);
			name = LaunchScreen.storyboard;
			sourceTree = "<group>";
		};
/* End PBXVariantGroup section */

/* Begin XCBuildConfiguration section */
		09E7C893233FB381004B9CCD /* Debug */ = {
			isa = XCBuildConfiguration;
			buildSettings = {
				ALWAYS_SEARCH_USER_PATHS = NO;
				CLANG_ANALYZER_NONNULL = YES;
				CLANG_ANALYZER_NUMBER_OBJECT_CONVERSION = YES_AGGRESSIVE;
				CLANG_CXX_LANGUAGE_STANDARD = "gnu++14";
				CLANG_CXX_LIBRARY = "libc++";
				CLANG_ENABLE_MODULES = YES;
				CLANG_ENABLE_OBJC_ARC = YES;
				CLANG_ENABLE_OBJC_WEAK = YES;
				CLANG_WARN_BLOCK_CAPTURE_AUTORELEASING = YES;
				CLANG_WARN_BOOL_CONVERSION = YES;
				CLANG_WARN_COMMA = YES;
				CLANG_WARN_CONSTANT_CONVERSION = YES;
				CLANG_WARN_DEPRECATED_OBJC_IMPLEMENTATIONS = YES;
				CLANG_WARN_DIRECT_OBJC_ISA_USAGE = YES_ERROR;
				CLANG_WARN_DOCUMENTATION_COMMENTS = YES;
				CLANG_WARN_EMPTY_BODY = YES;
				CLANG_WARN_ENUM_CONVERSION = YES;
				CLANG_WARN_INFINITE_RECURSION = YES;
				CLANG_WARN_INT_CONVERSION = YES;
				CLANG_WARN_NON_LITERAL_NULL_CONVERSION = YES;
				CLANG_WARN_OBJC_IMPLICIT_RETAIN_SELF = YES;
				CLANG_WARN_OBJC_LITERAL_CONVERSION = YES;
				CLANG_WARN_OBJC_ROOT_CLASS = YES_ERROR;
				CLANG_WARN_RANGE_LOOP_ANALYSIS = YES;
				CLANG_WARN_STRICT_PROTOTYPES = YES;
				CLANG_WARN_SUSPICIOUS_MOVE = YES;
				CLANG_WARN_UNGUARDED_AVAILABILITY = YES_AGGRESSIVE;
				CLANG_WARN_UNREACHABLE_CODE = YES;
				CLANG_WARN__DUPLICATE_METHOD_MATCH = YES;
				CODE_SIGN_IDENTITY = "iPhone Developer";
				COPY_PHASE_STRIP = NO;
				DEBUG_INFORMATION_FORMAT = dwarf;
				ENABLE_STRICT_OBJC_MSGSEND = YES;
				ENABLE_TESTABILITY = YES;
				GCC_C_LANGUAGE_STANDARD = gnu11;
				GCC_DYNAMIC_NO_PIC = NO;
				GCC_NO_COMMON_BLOCKS = YES;
				GCC_OPTIMIZATION_LEVEL = 0;
				GCC_PREPROCESSOR_DEFINITIONS = (
					"DEBUG=1",
					"$(inherited)",
				);
				GCC_WARN_64_TO_32_BIT_CONVERSION = YES;
				GCC_WARN_ABOUT_RETURN_TYPE = YES_ERROR;
				GCC_WARN_UNDECLARED_SELECTOR = YES;
				GCC_WARN_UNINITIALIZED_AUTOS = YES_AGGRESSIVE;
				GCC_WARN_UNUSED_FUNCTION = YES;
				GCC_WARN_UNUSED_VARIABLE = YES;
				IPHONEOS_DEPLOYMENT_TARGET = 12.4;
				MTL_ENABLE_DEBUG_INFO = INCLUDE_SOURCE;
				MTL_FAST_MATH = YES;
				ONLY_ACTIVE_ARCH = YES;
				SDKROOT = iphoneos;
				SWIFT_ACTIVE_COMPILATION_CONDITIONS = DEBUG;
				SWIFT_OPTIMIZATION_LEVEL = "-Onone";
			};
			name = Debug;
		};
		09E7C894233FB381004B9CCD /* Release */ = {
			isa = XCBuildConfiguration;
			buildSettings = {
				ALWAYS_SEARCH_USER_PATHS = NO;
				CLANG_ANALYZER_NONNULL = YES;
				CLANG_ANALYZER_NUMBER_OBJECT_CONVERSION = YES_AGGRESSIVE;
				CLANG_CXX_LANGUAGE_STANDARD = "gnu++14";
				CLANG_CXX_LIBRARY = "libc++";
				CLANG_ENABLE_MODULES = YES;
				CLANG_ENABLE_OBJC_ARC = YES;
				CLANG_ENABLE_OBJC_WEAK = YES;
				CLANG_WARN_BLOCK_CAPTURE_AUTORELEASING = YES;
				CLANG_WARN_BOOL_CONVERSION = YES;
				CLANG_WARN_COMMA = YES;
				CLANG_WARN_CONSTANT_CONVERSION = YES;
				CLANG_WARN_DEPRECATED_OBJC_IMPLEMENTATIONS = YES;
				CLANG_WARN_DIRECT_OBJC_ISA_USAGE = YES_ERROR;
				CLANG_WARN_DOCUMENTATION_COMMENTS = YES;
				CLANG_WARN_EMPTY_BODY = YES;
				CLANG_WARN_ENUM_CONVERSION = YES;
				CLANG_WARN_INFINITE_RECURSION = YES;
				CLANG_WARN_INT_CONVERSION = YES;
				CLANG_WARN_NON_LITERAL_NULL_CONVERSION = YES;
				CLANG_WARN_OBJC_IMPLICIT_RETAIN_SELF = YES;
				CLANG_WARN_OBJC_LITERAL_CONVERSION = YES;
				CLANG_WARN_OBJC_ROOT_CLASS = YES_ERROR;
				CLANG_WARN_RANGE_LOOP_ANALYSIS = YES;
				CLANG_WARN_STRICT_PROTOTYPES = YES;
				CLANG_WARN_SUSPICIOUS_MOVE = YES;
				CLANG_WARN_UNGUARDED_AVAILABILITY = YES_AGGRESSIVE;
				CLANG_WARN_UNREACHABLE_CODE = YES;
				CLANG_WARN__DUPLICATE_METHOD_MATCH = YES;
				CODE_SIGN_IDENTITY = "iPhone Developer";
				COPY_PHASE_STRIP = NO;
				DEBUG_INFORMATION_FORMAT = "dwarf-with-dsym";
				ENABLE_NS_ASSERTIONS = NO;
				ENABLE_STRICT_OBJC_MSGSEND = YES;
				GCC_C_LANGUAGE_STANDARD = gnu11;
				GCC_NO_COMMON_BLOCKS = YES;
				GCC_WARN_64_TO_32_BIT_CONVERSION = YES;
				GCC_WARN_ABOUT_RETURN_TYPE = YES_ERROR;
				GCC_WARN_UNDECLARED_SELECTOR = YES;
				GCC_WARN_UNINITIALIZED_AUTOS = YES_AGGRESSIVE;
				GCC_WARN_UNUSED_FUNCTION = YES;
				GCC_WARN_UNUSED_VARIABLE = YES;
				IPHONEOS_DEPLOYMENT_TARGET = 12.4;
				MTL_ENABLE_DEBUG_INFO = NO;
				MTL_FAST_MATH = YES;
				SDKROOT = iphoneos;
				SWIFT_COMPILATION_MODE = wholemodule;
				SWIFT_OPTIMIZATION_LEVEL = "-O";
				VALIDATE_PRODUCT = YES;
			};
			name = Release;
		};
		09E7C896233FB381004B9CCD /* Debug */ = {
			isa = XCBuildConfiguration;
			baseConfigurationReference = BA34F2FE13B0E07759B1AB73 /* Pods-SwiftNews.debug.xcconfig */;
			buildSettings = {
				ASSETCATALOG_COMPILER_APPICON_NAME = AppIcon;
				CODE_SIGN_STYLE = Automatic;
				INFOPLIST_FILE = SwiftNews/Resources/Info.plist;
				IPHONEOS_DEPLOYMENT_TARGET = 12.0;
				LD_RUNPATH_SEARCH_PATHS = (
					"$(inherited)",
					"@executable_path/Frameworks",
				);
				PRODUCT_BUNDLE_IDENTIFIER = SN.SwiftNews;
				PRODUCT_NAME = "$(TARGET_NAME)";
				SWIFT_VERSION = 5.0;
				TARGETED_DEVICE_FAMILY = "1,2";
			};
			name = Debug;
		};
		09E7C897233FB381004B9CCD /* Release */ = {
			isa = XCBuildConfiguration;
			baseConfigurationReference = 25CE1DD1B2B04BEA91917A4B /* Pods-SwiftNews.release.xcconfig */;
			buildSettings = {
				ASSETCATALOG_COMPILER_APPICON_NAME = AppIcon;
				CODE_SIGN_STYLE = Automatic;
				INFOPLIST_FILE = SwiftNews/Resources/Info.plist;
				IPHONEOS_DEPLOYMENT_TARGET = 12.0;
				LD_RUNPATH_SEARCH_PATHS = (
					"$(inherited)",
					"@executable_path/Frameworks",
				);
				PRODUCT_BUNDLE_IDENTIFIER = SN.SwiftNews;
				PRODUCT_NAME = "$(TARGET_NAME)";
				SWIFT_VERSION = 5.0;
				TARGETED_DEVICE_FAMILY = "1,2";
			};
			name = Release;
		};
/* End XCBuildConfiguration section */

/* Begin XCConfigurationList section */
		09E7C87B233FB380004B9CCD /* Build configuration list for PBXProject "SwiftNews" */ = {
			isa = XCConfigurationList;
			buildConfigurations = (
				09E7C893233FB381004B9CCD /* Debug */,
				09E7C894233FB381004B9CCD /* Release */,
			);
			defaultConfigurationIsVisible = 0;
			defaultConfigurationName = Release;
		};
		09E7C895233FB381004B9CCD /* Build configuration list for PBXNativeTarget "SwiftNews" */ = {
			isa = XCConfigurationList;
			buildConfigurations = (
				09E7C896233FB381004B9CCD /* Debug */,
				09E7C897233FB381004B9CCD /* Release */,
			);
			defaultConfigurationIsVisible = 0;
			defaultConfigurationName = Release;
		};
/* End XCConfigurationList section */
	};
	rootObject = 09E7C878233FB380004B9CCD /* Project object */;
}
